
Microsoft Visual Studio Solution File, Format Version 12.00
# Visual Studio Version 17
VisualStudioVersion = 17.4.33122.133
MinimumVisualStudioVersion = 10.0.40219.1
Project("{FAE04EC0-301F-11D3-BF4B-00C04F79EFBC}") = "DBFourLab", "DBFourLab.csproj", "{B966CC48-2F73-4B2D-9081-5E0A96938911}"
EndProject
Global
	GlobalSection(SolutionConfigurationPlatforms) = preSolution
		Debug|Any CPU = Debug|Any CPU
		Release|Any CPU = Release|Any CPU
	EndGlobalSection
	GlobalSection(ProjectConfigurationPlatforms) = postSolution
		{B966CC48-2F73-4B2D-9081-5E0A96938911}.Debug|Any CPU.ActiveCfg = Debug|Any CPU
		{B966CC48-2F73-4B2D-9081-5E0A96938911}.Debug|Any CPU.Build.0 = Debug|Any CPU
		{B966CC48-2F73-4B2D-9081-5E0A96938911}.Release|Any CPU.ActiveCfg = Release|Any CPU
		{B966CC48-2F73-4B2D-9081-5E0A96938911}.Release|Any CPU.Build.0 = Release|Any CPU
	EndGlobalSection
	GlobalSection(SolutionProperties) = preSolution
		HideSolutionNode = FALSE
	EndGlobalSection
	GlobalSection(ExtensibilityGlobals) = postSolution
		SolutionGuid = {7A7CB444-E02C-4D07-B0B1-19BEF6B3C65C}
	EndGlobalSection
EndGlobal
